
Microsoft Visual Studio Solution File, Format Version 12.00
# Visual Studio Version 18
VisualStudioVersion = 18.9.12120.119
MinimumVisualStudioVersion = 10.0.40219.1
Project("{FAE04EC0-301F-11D3-BF4B-00C04F79EFBC}") = "PROYECTO_SUBASTA.Api", "PROYECTO_SUBASTA.Api\PROYECTO_SUBASTA.Api.csproj", "{7A80BA5A-0974-88AE-CA4A-233F005F39DE}"
EndProject
Project("{FAE04EC0-301F-11D3-BF4B-00C04F79EFBC}") = "PROYECTO_SUBASTA.Application", "PROYECTO_SUBASTA.Application\PROYECTO_SUBASTA.Application.csproj", "{34F8F3E1-B4F1-1646-F3F4-D1A879E161AF}"
EndProject
Project("{FAE04EC0-301F-11D3-BF4B-00C04F79EFBC}") = "PROYECTO_SUBASTA.Domain", "PROYECTO_SUBASTA.Domain\PROYECTO_SUBASTA.Domain.csproj", "{192FDF9C-C8F9-978C-300A-F5E8A9187461}"
EndProject
Project("{FAE04EC0-301F-11D3-BF4B-00C04F79EFBC}") = "PROYECTO_SUBASTA.Infrastructure", "PROYECTO_SUBASTA.Infrastructure\PROYECTO_SUBASTA.Infrastructure.csproj", "{43AF8159-596A-4D79-9E11-4E64A09BABCA}"
EndProject
Global
	GlobalSection(SolutionConfigurationPlatforms) = preSolution
		Debug|Any CPU = Debug|Any CPU
		Debug|x64 = Debug|x64
		Debug|x86 = Debug|x86
		Release|Any CPU = Release|Any CPU
		Release|x64 = Release|x64
		Release|x86 = Release|x86
	EndGlobalSection
	GlobalSection(ProjectConfigurationPlatforms) = postSolution
		{7A80BA5A-0974-88AE-CA4A-233F005F39DE}.Debug|Any CPU.ActiveCfg = Debug|Any CPU
		{7A80BA5A-0974-88AE-CA4A-233F005F39DE}.Debug|Any CPU.Build.0 = Debug|Any CPU
		{7A80BA5A-0974-88AE-CA4A-233F005F39DE}.Debug|x64.ActiveCfg = Debug|Any CPU
		{7A80BA5A-0974-88AE-CA4A-233F005F39DE}.Debug|x64.Build.0 = Debug|Any CPU
		{7A80BA5A-0974-88AE-CA4A-233F005F39DE}.Debug|x86.ActiveCfg = Debug|Any CPU
		{7A80BA5A-0974-88AE-CA4A-233F005F39DE}.Debug|x86.Build.0 = Debug|Any CPU
		{7A80BA5A-0974-88AE-CA4A-233F005F39DE}.Release|Any CPU.ActiveCfg = Release|Any CPU
		{7A80BA5A-0974-88AE-CA4A-233F005F39DE}.Release|Any CPU.Build.0 = Release|Any CPU
		{7A80BA5A-0974-88AE-CA4A-233F005F39DE}.Release|x64.ActiveCfg = Release|Any CPU
		{7A80BA5A-0974-88AE-CA4A-233F005F39DE}.Release|x64.Build.0 = Release|Any CPU
		{7A80BA5A-0974-88AE-CA4A-233F005F39DE}.Release|x86.ActiveCfg = Release|Any CPU
		{7A80BA5A-0974-88AE-CA4A-233F005F39DE}.Release|x86.Build.0 = Release|Any CPU
		{34F8F3E1-B4F1-1646-F3F4-D1A879E161AF}.Debug|Any CPU.ActiveCfg = Debug|Any CPU
		{34F8F3E1-B4F1-1646-F3F4-D1A879E161AF}.Debug|Any CPU.Build.0 = Debug|Any CPU
		{34F8F3E1-B4F1-1646-F3F4-D1A879E161AF}.Debug|x64.ActiveCfg = Debug|Any CPU
		{34F8F3E1-B4F1-1646-F3F4-D1A879E161AF}.Debug|x64.Build.0 = Debug|Any CPU
		{34F8F3E1-B4F1-1646-F3F4-D1A879E161AF}.Debug|x86.ActiveCfg = Debug|Any CPU
		{34F8F3E1-B4F1-1646-F3F4-D1A879E161AF}.Debug|x86.Build.0 = Debug|Any CPU
		{34F8F3E1-B4F1-1646-F3F4-D1A879E161AF}.Release|Any CPU.ActiveCfg = Release|Any CPU
		{34F8F3E1-B4F1-1646-F3F4-D1A879E161AF}.Release|Any CPU.Build.0 = Release|Any CPU
		{34F8F3E1-B4F1-1646-F3F4-D1A879E161AF}.Release|x64.ActiveCfg = Release|Any CPU
		{34F8F3E1-B4F1-1646-F3F4-D1A879E161AF}.Release|x64.Build.0 = Release|Any CPU
		{34F8F3E1-B4F1-1646-F3F4-D1A879E161AF}.Release|x86.ActiveCfg = Release|Any CPU
		{34F8F3E1-B4F1-1646-F3F4-D1A879E161AF}.Release|x86.Build.0 = Release|Any CPU
		{192FDF9C-C8F9-978C-300A-F5E8A9187461}.Debug|Any CPU.ActiveCfg = Debug|Any CPU
		{192FDF9C-C8F9-978C-300A-F5E8A9187461}.Debug|Any CPU.Build.0 = Debug|Any CPU
		{192FDF9C-C8F9-978C-300A-F5E8A9187461}.Debug|x64.ActiveCfg = Debug|Any CPU
		{192FDF9C-C8F9-978C-300A-F5E8A9187461}.Debug|x64.Build.0 = Debug|Any CPU
		{192FDF9C-C8F9-978C-300A-F5E8A9187461}.Debug|x86.ActiveCfg = Debug|Any CPU
		{192FDF9C-C8F9-978C-300A-F5E8A9187461}.Debug|x86.Build.0 = Debug|Any CPU
		{192FDF9C-C8F9-978C-300A-F5E8A9187461}.Release|Any CPU.ActiveCfg = Release|Any CPU
		{192FDF9C-C8F9-978C-300A-F5E8A9187461}.Release|Any CPU.Build.0 = Release|Any CPU
		{192FDF9C-C8F9-978C-300A-F5E8A9187461}.Release|x64.ActiveCfg = Release|Any CPU
		{192FDF9C-C8F9-978C-300A-F5E8A9187461}.Release|x64.Build.0 = Release|Any CPU
		{192FDF9C-C8F9-978C-300A-F5E8A9187461}.Release|x86.ActiveCfg = Release|Any CPU
		{192FDF9C-C8F9-978C-300A-F5E8A9187461}.Release|x86.Build.0 = Release|Any CPU
		{43AF8159-596A-4D79-9E11-4E64A09BABCA}.Debug|Any CPU.ActiveCfg = Debug|Any CPU
		{43AF8159-596A-4D79-9E11-4E64A09BABCA}.Debug|Any CPU.Build.0 = Debug|Any CPU
		{43AF8159-596A-4D79-9E11-4E64A09BABCA}.Debug|x64.ActiveCfg = Debug|Any CPU
		{43AF8159-596A-4D79-9E11-4E64A09BABCA}.Debug|x64.Build.0 = Debug|Any CPU
		{43AF8159-596A-4D79-9E11-4E64A09BABCA}.Debug|x86.ActiveCfg = Debug|Any CPU
		{43AF8159-596A-4D79-9E11-4E64A09BABCA}.Debug|x86.Build.0 = Debug|Any CPU
		{43AF8159-596A-4D79-9E11-4E64A09BABCA}.Release|Any CPU.ActiveCfg = Release|Any CPU
		{43AF8159-596A-4D79-9E11-4E64A09BABCA}.Release|Any CPU.Build.0 = Release|Any CPU
		{43AF8159-596A-4D79-9E11-4E64A09BABCA}.Release|x64.ActiveCfg = Release|Any CPU
		{43AF8159-596A-4D79-9E11-4E64A09BABCA}.Release|x64.Build.0 = Release|Any CPU
		{43AF8159-596A-4D79-9E11-4E64A09BABCA}.Release|x86.ActiveCfg = Release|Any CPU
		{43AF8159-596A-4D79-9E11-4E64A09BABCA}.Release|x86.Build.0 = Release|Any CPU
	EndGlobalSection
	GlobalSection(SolutionProperties) = preSolution
		HideSolutionNode = FALSE
	EndGlobalSection
	GlobalSection(ExtensibilityGlobals) = postSolution
		SolutionGuid = {1E551305-7218-4871-BE55-051B79A502C9}
	EndGlobalSection
EndGlobal
